
Microsoft Visual Studio Solution File, Format Version 12.00
# Visual Studio Version 16
VisualStudioVersion = 16.0.30320.27
MinimumVisualStudioVersion = 10.0.40219.1
Project("{FAE04EC0-301F-11D3-BF4B-00C04F79EFBC}") = "RDLCServer", "RDLCServer\RDLCServer.csproj", "{363288AA-8076-4E15-A8F8-9EC4556D1AE6}"
EndProject
Global
	GlobalSection(SolutionConfigurationPlatforms) = preSolution
		Debug|Any CPU = Debug|Any CPU
		Release|Any CPU = Release|Any CPU
	EndGlobalSection
	GlobalSection(ProjectConfigurationPlatforms) = postSolution
		{363288AA-8076-4E15-A8F8-9EC4556D1AE6}.Debug|Any CPU.ActiveCfg = Debug|Any CPU
		{363288AA-8076-4E15-A8F8-9EC4556D1AE6}.Debug|Any CPU.Build.0 = Debug|Any CPU
		{363288AA-8076-4E15-A8F8-9EC4556D1AE6}.Release|Any CPU.ActiveCfg = Release|Any CPU
		{363288AA-8076-4E15-A8F8-9EC4556D1AE6}.Release|Any CPU.Build.0 = Release|Any CPU
	EndGlobalSection
	GlobalSection(SolutionProperties) = preSolution
		HideSolutionNode = FALSE
	EndGlobalSection
	GlobalSection(ExtensibilityGlobals) = postSolution
		SolutionGuid = {C4279C3C-75F8-4ED3-BEAA-760DE5A23460}
	EndGlobalSection
EndGlobal
